Microsoft Visual Studio Solution File, Format Version 12.00
# Visual Studio Version 17
VisualStudioVersion = 17.0.32112.339
MinimumVisualStudioVersion = 10.0.40219.1
Project("{9A19103F-16F7-4668-BE54-9A1E7A4F7556}") = "Meditelligence.WebAPI", "src\Meditelligence.WebAPI\Meditelligence.WebAPI.csproj", "{935E4B72-86B3-4028-9AF9-D0F4D8F297D9}"
EndProject
Project("{9A19103F-16F7-4668-BE54-9A1E7A4F7556}") = "Meditelligence.WebAPITests", "tests\Meditelligence.WebAPITests\Meditelligence.WebAPITests.csproj", "{2B93172F-69D1-4F66-8CE9-A194092BAD28}"
EndProject
Project("{9A19103F-16F7-4668-BE54-9A1E7A4F7556}") = "Meditelligence.DataAccess", "src\Meditelligence.DataAccess\Meditelligence.DataAccess.csproj", "{0AE171F3-9F10-455D-9E24-37D94E09AA8A}"
EndProject
Project("{9A19103F-16F7-4668-BE54-9A1E7A4F7556}") = "Meditelligence.Models", "src\Meditelligence.Models\Meditelligence.Models.csproj", "{7D7A9B03-3E62-4EC4-9BBE-62CFC0FB0E03}"
EndProject
Project("{9A19103F-16F7-4668-BE54-9A1E7A4F7556}") = "Meditelligence.DTOs", "src\Meditelligence.DTOs\Meditelligence.DTOs.csproj", "{0270E014-D61B-4D58-8861-6EB6F55D8E17}"
EndProject
Project("{2150E333-8FDC-42A3-9474-1A3956D46DE8}") = "Docs", "Docs", "{332D3424-FF23-47EA-9E9F-EA4046EDC4BC}"
	ProjectSection(SolutionItems) = preProject
		docs\dataset.csv = docs\dataset.csv
	EndProjectSection
EndProject
Global
	GlobalSection(SolutionConfigurationPlatforms) = preSolution
		Debug|Any CPU = Debug|Any CPU
		Release|Any CPU = Release|Any CPU
	EndGlobalSection
	GlobalSection(ProjectConfigurationPlatforms) = postSolution
		{935E4B72-86B3-4028-9AF9-D0F4D8F297D9}.Debug|Any CPU.ActiveCfg = Debug|Any CPU
		{935E4B72-86B3-4028-9AF9-D0F4D8F297D9}.Debug|Any CPU.Build.0 = Debug|Any CPU
		{935E4B72-86B3-4028-9AF9-D0F4D8F297D9}.Release|Any CPU.ActiveCfg = Release|Any CPU
		{935E4B72-86B3-4028-9AF9-D0F4D8F297D9}.Release|Any CPU.Build.0 = Release|Any CPU
		{2B93172F-69D1-4F66-8CE9-A194092BAD28}.Debug|Any CPU.ActiveCfg = Debug|Any CPU
		{2B93172F-69D1-4F66-8CE9-A194092BAD28}.Debug|Any CPU.Build.0 = Debug|Any CPU
		{2B93172F-69D1-4F66-8CE9-A194092BAD28}.Release|Any CPU.ActiveCfg = Release|Any CPU
		{2B93172F-69D1-4F66-8CE9-A194092BAD28}.Release|Any CPU.Build.0 = Release|Any CPU
		{0AE171F3-9F10-455D-9E24-37D94E09AA8A}.Debug|Any CPU.ActiveCfg = Debug|Any CPU
		{0AE171F3-9F10-455D-9E24-37D94E09AA8A}.Debug|Any CPU.Build.0 = Debug|Any CPU
		{0AE171F3-9F10-455D-9E24-37D94E09AA8A}.Release|Any CPU.ActiveCfg = Release|Any CPU
		{0AE171F3-9F10-455D-9E24-37D94E09AA8A}.Release|Any CPU.Build.0 = Release|Any CPU
		{7D7A9B03-3E62-4EC4-9BBE-62CFC0FB0E03}.Debug|Any CPU.ActiveCfg = Debug|Any CPU
		{7D7A9B03-3E62-4EC4-9BBE-62CFC0FB0E03}.Debug|Any CPU.Build.0 = Debug|Any CPU
		{7D7A9B03-3E62-4EC4-9BBE-62CFC0FB0E03}.Release|Any CPU.ActiveCfg = Release|Any CPU
		{7D7A9B03-3E62-4EC4-9BBE-62CFC0FB0E03}.Release|Any CPU.Build.0 = Release|Any CPU
		{0270E014-D61B-4D58-8861-6EB6F55D8E17}.Debug|Any CPU.ActiveCfg = Debug|Any CPU
		{0270E014-D61B-4D58-8861-6EB6F55D8E17}.Debug|Any CPU.Build.0 = Debug|Any CPU
		{0270E014-D61B-4D58-8861-6EB6F55D8E17}.Release|Any CPU.ActiveCfg = Release|Any CPU
		{0270E014-D61B-4D58-8861-6EB6F55D8E17}.Release|Any CPU.Build.0 = Release|Any CPU
	EndGlobalSection
	GlobalSection(SolutionProperties) = preSolution
		HideSolutionNode = FALSE
	EndGlobalSection
	GlobalSection(ExtensibilityGlobals) = postSolution
		SolutionGuid = {6C8DFED9-25B6-4CE8-9677-2C2463FF9B28}
	EndGlobalSection
EndGlobal
